
Microsoft Visual Studio Solution File, Format Version 12.00
# Visual Studio Version 16
VisualStudioVersion = 16.0.30907.101
MinimumVisualStudioVersion = 10.0.40219.1
Project("{9A19103F-16F7-4668-BE54-9A1E7A4F7556}") = "CPO01同步Synchronous程式設計範例", "CPO01同步Synchronous程式設計範例\CPO01同步Synchronous程式設計範例.csproj", "{C412D418-22DD-4885-A11C-2280FC38FAE4}"
EndProject
Project("{FAE04EC0-301F-11D3-BF4B-00C04F79EFBC}") = "CPO02切割成為多區塊的同步Synchronous程式設計範例", "CPO02切割成為多區塊的同步Synchronous程式設計範例\CPO02切割成為多區塊的同步Synchronous程式設計範例.csproj", "{AAE863CB-08FB-4F92-82B6-4084AB78C7AB}"
EndProject
Global
	GlobalSection(SolutionConfigurationPlatforms) = preSolution
		Debug|Any CPU = Debug|Any CPU
		Release|Any CPU = Release|Any CPU
	EndGlobalSection
	GlobalSection(ProjectConfigurationPlatforms) = postSolution
		{C412D418-22DD-4885-A11C-2280FC38FAE4}.Debug|Any CPU.ActiveCfg = Debug|Any CPU
		{C412D418-22DD-4885-A11C-2280FC38FAE4}.Debug|Any CPU.Build.0 = Debug|Any CPU
		{C412D418-22DD-4885-A11C-2280FC38FAE4}.Release|Any CPU.ActiveCfg = Release|Any CPU
		{C412D418-22DD-4885-A11C-2280FC38FAE4}.Release|Any CPU.Build.0 = Release|Any CPU
		{AAE863CB-08FB-4F92-82B6-4084AB78C7AB}.Debug|Any CPU.ActiveCfg = Debug|Any CPU
		{AAE863CB-08FB-4F92-82B6-4084AB78C7AB}.Debug|Any CPU.Build.0 = Debug|Any CPU
		{AAE863CB-08FB-4F92-82B6-4084AB78C7AB}.Release|Any CPU.ActiveCfg = Release|Any CPU
		{AAE863CB-08FB-4F92-82B6-4084AB78C7AB}.Release|Any CPU.Build.0 = Release|Any CPU
	EndGlobalSection
	GlobalSection(SolutionProperties) = preSolution
		HideSolutionNode = FALSE
	EndGlobalSection
	GlobalSection(ExtensibilityGlobals) = postSolution
		SolutionGuid = {284ED116-DAC1-476B-A7FD-84558D2033CE}
	EndGlobalSection
EndGlobal
