
Microsoft Visual Studio Solution File, Format Version 12.00
# Visual Studio Version 16
VisualStudioVersion = 16.0.30907.101
MinimumVisualStudioVersion = 10.0.40219.1
Project("{9A19103F-16F7-4668-BE54-9A1E7A4F7556}") = "CPO01同步Synchronous程式設計範例", "CPO01同步Synchronous程式設計範例\CPO01同步Synchronous程式設計範例.csproj", "{C412D418-22DD-4885-A11C-2280FC38FAE4}"
EndProject
Project("{9A19103F-16F7-4668-BE54-9A1E7A4F7556}") = "CPO02切割成為多區塊的同步Synchronous程式設計範例", "CPO02切割成為多區塊的同步Synchronous程式設計範例\CPO02切割成為多區塊的同步Synchronous程式設計範例.csproj", "{AAE863CB-08FB-4F92-82B6-4084AB78C7AB}"
EndProject
Project("{9A19103F-16F7-4668-BE54-9A1E7A4F7556}") = "CPO04並行Concurrency的非同步Ansynchronous程式設計範例", "CPO04並行Concurrency的非同步Ansynchronous程式設計範例\CPO04並行Concurrency的非同步Ansynchronous程式設計範例.csproj", "{F82E7A88-9F47-467F-9A0C-F6E1AE7062B4}"
EndProject
Project("{9A19103F-16F7-4668-BE54-9A1E7A4F7556}") = "CPO03切割成為多區塊的平行Parallelism非同步ansynchronous程式設計範例", "CPO03切割成為多區塊的平行Parallelism非同步ansynchronous程式設計範例\CPO03切割成為多區塊的平行Parallelism非同步ansynchronous程式設計範例.csproj", "{A8D8EE5E-C942-48B4-87CA-88CB7FE6AD69}"
EndProject
Project("{9A19103F-16F7-4668-BE54-9A1E7A4F7556}") = "CPO05使用執行緒集區做到平行非同步程式設計範例", "CPO05使用執行緒集區做到平行非同步程式設計範例\CPO05使用執行緒集區做到平行非同步程式設計範例.csproj", "{DB814B54-80C5-430E-93FE-412B1723A66B}"
EndProject
Project("{9A19103F-16F7-4668-BE54-9A1E7A4F7556}") = "CPO06使用工作做到平行非同步程式設計範例", "CPO06使用工作做到平行非同步程式設計範例\CPO06使用工作做到平行非同步程式設計範例.csproj", "{573DD223-3C70-42A9-9728-BAEBAF709269}"
EndProject
Project("{9A19103F-16F7-4668-BE54-9A1E7A4F7556}") = "CPO07使用APM進行非同步Asynchronous程式設計範例", "CPO07使用APM進行非同步Asynchronous程式設計範例\CPO07使用APM進行非同步Asynchronous程式設計範例.csproj", "{A357D916-18FC-4FCA-B3EB-11A19A711490}"
EndProject
Project("{9A19103F-16F7-4668-BE54-9A1E7A4F7556}") = "CPO08使用EAP進行非同步Asynchronous程式設計範例", "CPO08使用EAP進行非同步Asynchronous程式設計範例\CPO08使用EAP進行非同步Asynchronous程式設計範例.csproj", "{F0AAD77C-D4CC-4D9C-964D-4004D5D93B99}"
EndProject
Project("{9A19103F-16F7-4668-BE54-9A1E7A4F7556}") = "CPO09使用TAP進行非同步Asynchronous程式設計範例", "CPO09使用TAP進行非同步Asynchronous程式設計範例\CPO09使用TAP進行非同步Asynchronous程式設計範例.csproj", "{EE8EE0D1-137C-4B81-9F68-9F3182272790}"
EndProject
Project("{9A19103F-16F7-4668-BE54-9A1E7A4F7556}") = "CPO10使用同步程式設計方式來設計非同步應用需求", "CPO10使用同步程式設計方式來設計非同步應用需求\CPO10使用同步程式設計方式來設計非同步應用需求.csproj", "{C8FC8A11-84A1-4EC8-BAFD-4F6A36030AEA}"
EndProject
Project("{9A19103F-16F7-4668-BE54-9A1E7A4F7556}") = "CPO12你已經孰悉BackgroundWorker非同步程式設計範例", "CPO12你已經孰悉BackgroundWorker非同步程式設計範例\CPO12你已經孰悉BackgroundWorker非同步程式設計範例.csproj", "{B06DA79A-4267-44FB-9278-74398C59CA1E}"
EndProject
Project("{9A19103F-16F7-4668-BE54-9A1E7A4F7556}") = "CPO13使用資料平行處理程式設計範例", "CPO13使用資料平行處理程式設計範例\CPO13使用資料平行處理程式設計範例.csproj", "{C9026B49-E170-44DB-9FEC-D7C705423ED0}"
EndProject
Project("{9A19103F-16F7-4668-BE54-9A1E7A4F7556}") = "CPO14使用平行查詢程式設計範例", "CPO14使用平行查詢程式設計範例\CPO14使用平行查詢程式設計範例.csproj", "{8964F4D8-BDD1-4B0A-B0E6-7C2A4DC31FB9}"
EndProject
Project("{9A19103F-16F7-4668-BE54-9A1E7A4F7556}") = "CPO11你已經孰悉Timer非同步程式設計範例", "CPO11你已經孰悉Timer非同步程式設計範例\CPO11你已經孰悉Timer非同步程式設計範例.csproj", "{D7579E08-D5D6-47C6-BBB1-6ACE4B334A2E}"
EndProject
Project("{FAE04EC0-301F-11D3-BF4B-00C04F79EFBC}") = "CPO15用委派以非同步的方式呼叫同步方法", "CPO15用委派以非同步的方式呼叫同步方法\CPO15用委派以非同步的方式呼叫同步方法.csproj", "{DEC9DEEE-14C4-4610-A406-801904A109B8}"
EndProject
Global
	GlobalSection(SolutionConfigurationPlatforms) = preSolution
		Debug|Any CPU = Debug|Any CPU
		Release|Any CPU = Release|Any CPU
	EndGlobalSection
	GlobalSection(ProjectConfigurationPlatforms) = postSolution
		{C412D418-22DD-4885-A11C-2280FC38FAE4}.Debug|Any CPU.ActiveCfg = Debug|Any CPU
		{C412D418-22DD-4885-A11C-2280FC38FAE4}.Debug|Any CPU.Build.0 = Debug|Any CPU
		{C412D418-22DD-4885-A11C-2280FC38FAE4}.Release|Any CPU.ActiveCfg = Release|Any CPU
		{C412D418-22DD-4885-A11C-2280FC38FAE4}.Release|Any CPU.Build.0 = Release|Any CPU
		{AAE863CB-08FB-4F92-82B6-4084AB78C7AB}.Debug|Any CPU.ActiveCfg = Debug|Any CPU
		{AAE863CB-08FB-4F92-82B6-4084AB78C7AB}.Debug|Any CPU.Build.0 = Debug|Any CPU
		{AAE863CB-08FB-4F92-82B6-4084AB78C7AB}.Release|Any CPU.ActiveCfg = Release|Any CPU
		{AAE863CB-08FB-4F92-82B6-4084AB78C7AB}.Release|Any CPU.Build.0 = Release|Any CPU
		{F82E7A88-9F47-467F-9A0C-F6E1AE7062B4}.Debug|Any CPU.ActiveCfg = Debug|Any CPU
		{F82E7A88-9F47-467F-9A0C-F6E1AE7062B4}.Debug|Any CPU.Build.0 = Debug|Any CPU
		{F82E7A88-9F47-467F-9A0C-F6E1AE7062B4}.Release|Any CPU.ActiveCfg = Release|Any CPU
		{F82E7A88-9F47-467F-9A0C-F6E1AE7062B4}.Release|Any CPU.Build.0 = Release|Any CPU
		{A8D8EE5E-C942-48B4-87CA-88CB7FE6AD69}.Debug|Any CPU.ActiveCfg = Debug|Any CPU
		{A8D8EE5E-C942-48B4-87CA-88CB7FE6AD69}.Debug|Any CPU.Build.0 = Debug|Any CPU
		{A8D8EE5E-C942-48B4-87CA-88CB7FE6AD69}.Release|Any CPU.ActiveCfg = Release|Any CPU
		{A8D8EE5E-C942-48B4-87CA-88CB7FE6AD69}.Release|Any CPU.Build.0 = Release|Any CPU
		{DB814B54-80C5-430E-93FE-412B1723A66B}.Debug|Any CPU.ActiveCfg = Debug|Any CPU
		{DB814B54-80C5-430E-93FE-412B1723A66B}.Debug|Any CPU.Build.0 = Debug|Any CPU
		{DB814B54-80C5-430E-93FE-412B1723A66B}.Release|Any CPU.ActiveCfg = Release|Any CPU
		{DB814B54-80C5-430E-93FE-412B1723A66B}.Release|Any CPU.Build.0 = Release|Any CPU
		{573DD223-3C70-42A9-9728-BAEBAF709269}.Debug|Any CPU.ActiveCfg = Debug|Any CPU
		{573DD223-3C70-42A9-9728-BAEBAF709269}.Debug|Any CPU.Build.0 = Debug|Any CPU
		{573DD223-3C70-42A9-9728-BAEBAF709269}.Release|Any CPU.ActiveCfg = Release|Any CPU
		{573DD223-3C70-42A9-9728-BAEBAF709269}.Release|Any CPU.Build.0 = Release|Any CPU
		{A357D916-18FC-4FCA-B3EB-11A19A711490}.Debug|Any CPU.ActiveCfg = Debug|Any CPU
		{A357D916-18FC-4FCA-B3EB-11A19A711490}.Debug|Any CPU.Build.0 = Debug|Any CPU
		{A357D916-18FC-4FCA-B3EB-11A19A711490}.Release|Any CPU.ActiveCfg = Release|Any CPU
		{A357D916-18FC-4FCA-B3EB-11A19A711490}.Release|Any CPU.Build.0 = Release|Any CPU
		{F0AAD77C-D4CC-4D9C-964D-4004D5D93B99}.Debug|Any CPU.ActiveCfg = Debug|Any CPU
		{F0AAD77C-D4CC-4D9C-964D-4004D5D93B99}.Debug|Any CPU.Build.0 = Debug|Any CPU
		{F0AAD77C-D4CC-4D9C-964D-4004D5D93B99}.Release|Any CPU.ActiveCfg = Release|Any CPU
		{F0AAD77C-D4CC-4D9C-964D-4004D5D93B99}.Release|Any CPU.Build.0 = Release|Any CPU
		{EE8EE0D1-137C-4B81-9F68-9F3182272790}.Debug|Any CPU.ActiveCfg = Debug|Any CPU
		{EE8EE0D1-137C-4B81-9F68-9F3182272790}.Debug|Any CPU.Build.0 = Debug|Any CPU
		{EE8EE0D1-137C-4B81-9F68-9F3182272790}.Release|Any CPU.ActiveCfg = Release|Any CPU
		{EE8EE0D1-137C-4B81-9F68-9F3182272790}.Release|Any CPU.Build.0 = Release|Any CPU
		{C8FC8A11-84A1-4EC8-BAFD-4F6A36030AEA}.Debug|Any CPU.ActiveCfg = Debug|Any CPU
		{C8FC8A11-84A1-4EC8-BAFD-4F6A36030AEA}.Debug|Any CPU.Build.0 = Debug|Any CPU
		{C8FC8A11-84A1-4EC8-BAFD-4F6A36030AEA}.Release|Any CPU.ActiveCfg = Release|Any CPU
		{C8FC8A11-84A1-4EC8-BAFD-4F6A36030AEA}.Release|Any CPU.Build.0 = Release|Any CPU
		{B06DA79A-4267-44FB-9278-74398C59CA1E}.Debug|Any CPU.ActiveCfg = Debug|Any CPU
		{B06DA79A-4267-44FB-9278-74398C59CA1E}.Debug|Any CPU.Build.0 = Debug|Any CPU
		{B06DA79A-4267-44FB-9278-74398C59CA1E}.Release|Any CPU.ActiveCfg = Release|Any CPU
		{B06DA79A-4267-44FB-9278-74398C59CA1E}.Release|Any CPU.Build.0 = Release|Any CPU
		{C9026B49-E170-44DB-9FEC-D7C705423ED0}.Debug|Any CPU.ActiveCfg = Debug|Any CPU
		{C9026B49-E170-44DB-9FEC-D7C705423ED0}.Debug|Any CPU.Build.0 = Debug|Any CPU
		{C9026B49-E170-44DB-9FEC-D7C705423ED0}.Release|Any CPU.ActiveCfg = Release|Any CPU
		{C9026B49-E170-44DB-9FEC-D7C705423ED0}.Release|Any CPU.Build.0 = Release|Any CPU
		{8964F4D8-BDD1-4B0A-B0E6-7C2A4DC31FB9}.Debug|Any CPU.ActiveCfg = Debug|Any CPU
		{8964F4D8-BDD1-4B0A-B0E6-7C2A4DC31FB9}.Debug|Any CPU.Build.0 = Debug|Any CPU
		{8964F4D8-BDD1-4B0A-B0E6-7C2A4DC31FB9}.Release|Any CPU.ActiveCfg = Release|Any CPU
		{8964F4D8-BDD1-4B0A-B0E6-7C2A4DC31FB9}.Release|Any CPU.Build.0 = Release|Any CPU
		{D7579E08-D5D6-47C6-BBB1-6ACE4B334A2E}.Debug|Any CPU.ActiveCfg = Debug|Any CPU
		{D7579E08-D5D6-47C6-BBB1-6ACE4B334A2E}.Debug|Any CPU.Build.0 = Debug|Any CPU
		{D7579E08-D5D6-47C6-BBB1-6ACE4B334A2E}.Release|Any CPU.ActiveCfg = Release|Any CPU
		{D7579E08-D5D6-47C6-BBB1-6ACE4B334A2E}.Release|Any CPU.Build.0 = Release|Any CPU
		{DEC9DEEE-14C4-4610-A406-801904A109B8}.Debug|Any CPU.ActiveCfg = Debug|Any CPU
		{DEC9DEEE-14C4-4610-A406-801904A109B8}.Debug|Any CPU.Build.0 = Debug|Any CPU
		{DEC9DEEE-14C4-4610-A406-801904A109B8}.Release|Any CPU.ActiveCfg = Release|Any CPU
		{DEC9DEEE-14C4-4610-A406-801904A109B8}.Release|Any CPU.Build.0 = Release|Any CPU
	EndGlobalSection
	GlobalSection(SolutionProperties) = preSolution
		HideSolutionNode = FALSE
	EndGlobalSection
	GlobalSection(ExtensibilityGlobals) = postSolution
		SolutionGuid = {284ED116-DAC1-476B-A7FD-84558D2033CE}
	EndGlobalSection
EndGlobal
